// !$*UTF8*$!
{
	archiveVersion = 1;
	classes = {
	};
	objectVersion = 50;
	objects = {

/* Begin PBXGroup section */
		F5B744AA215ECCDF00604E86 = {
			isa = PBXGroup;
			children = (
			);
			sourceTree = "<group>";
		};
/* End PBXGroup section */

/* Begin PBXProject section */
		F5B744AB215ECCDF00604E86 /* Project object */ = {
			isa = PBXProject;
			attributes = {
				LastUpgradeCheck = 1000;
			};
			buildConfigurationList = F5B744AE215ECCDF00604E86 /* Build configuration list for PBXProject "PaymentApplication" */;
			compatibilityVersion = "Xcode 9.3";
			developmentRegion = en;
			hasScannedForEncodings = 0;
			knownRegions = (
				en,
			);
			mainGroup = F5B744AA215ECCDF00604E86;
			projectDirPath = "";
			projectRoot = "";
			targets = (
			);
		};
/* End PBXProject section */

/* Begin XCBuildConfiguration section */
		F5B744AF215ECCDF00604E86 /* Debug */ = {
			isa = XCBuildConfiguration;
			buildSettings = {
			};
			name = Debug;
		};
		F5B744B0215ECCDF00604E86 /* Release */ = {
			isa = XCBuildConfiguration;
			buildSettings = {
			};
			name = Release;
		};
/* End XCBuildConfiguration section */

/* Begin XCConfigurationList section */
		F5B744AE215ECCDF00604E86 /* Build configuration list for PBXProject "PaymentApplication" */ = {
			isa = XCConfigurationList;
			buildConfigurations = (
				F5B744AF215ECCDF00604E86 /* Debug */,
				F5B744B0215ECCDF00604E86 /* Release */,
			);
			defaultConfigurationIsVisible = 0;
			defaultConfigurationName = Release;
		};
/* End XCConfigurationList section */
	};
	rootObject = F5B744AB215ECCDF00604E86 /* Project object */;
}
