// !$*UTF8*$!
{
	archiveVersion = 1;
	classes = {
	};
	objectVersion = 50;
	objects = {

/* Begin PBXBuildFile section */
		F519DCF52160429D00838D30 /* paymentApp.cc in Sources */ = {isa = PBXBuildFile; fileRef = F519DCF32160429D00838D30 /* paymentApp.cc */; };
		F5B74535215EF19800604E86 /* main.cc in Sources */ = {isa = PBXBuildFile; fileRef = F5B74528215EF15100604E86 /* main.cc */; settings = {COMPILER_FLAGS = "--std=c++11"; }; };
		F5B7453D215EF20300604E86 /* tasks.cc in Sources */ = {isa = PBXBuildFile; fileRef = F5B74526215EF15100604E86 /* tasks.cc */; settings = {COMPILER_FLAGS = "--std=c++11"; }; };
		F5B7453E215EF20700604E86 /* User.cc in Sources */ = {isa = PBXBuildFile; fileRef = F5B74522215EF15100604E86 /* User.cc */; settings = {COMPILER_FLAGS = "--std=c++11"; }; };
		F5B7453F215EF20B00604E86 /* Wallet.cc in Sources */ = {isa = PBXBuildFile; fileRef = F5B74525215EF15100604E86 /* Wallet.cc */; settings = {COMPILER_FLAGS = "--std=c++11"; }; };
		F5B74542215EF24B00604E86 /* libpthread.tbd in Frameworks */ = {isa = PBXBuildFile; fileRef = F5B74541215EF24B00604E86 /* libpthread.tbd */; };
/* End PBXBuildFile section */

/* Begin PBXCopyFilesBuildPhase section */
		F5B7452B215EF17700604E86 /* CopyFiles */ = {
			isa = PBXCopyFilesBuildPhase;
			buildActionMask = 2147483647;
			dstPath = /usr/share/man/man1/;
			dstSubfolderSpec = 0;
			files = (
			);
			runOnlyForDeploymentPostprocessing = 1;
		};
/* End PBXCopyFilesBuildPhase section */

/* Begin PBXFileReference section */
		F519DCF32160429D00838D30 /* paymentApp.cc */ = {isa = PBXFileReference; fileEncoding = 4; lastKnownFileType = sourcecode.cpp.cpp; name = paymentApp.cc; path = ../paymentApp.cc; sourceTree = "<group>"; };
		F519DCF42160429D00838D30 /* paymentApp.h */ = {isa = PBXFileReference; fileEncoding = 4; lastKnownFileType = sourcecode.c.h; name = paymentApp.h; path = ../paymentApp.h; sourceTree = "<group>"; };
		F5B7451F215EF15100604E86 /* Wallet.h */ = {isa = PBXFileReference; lastKnownFileType = sourcecode.c.h; name = Wallet.h; path = ../Wallet.h; sourceTree = "<group>"; };
		F5B74520215EF15100604E86 /* User.h */ = {isa = PBXFileReference; lastKnownFileType = sourcecode.c.h; name = User.h; path = ../User.h; sourceTree = "<group>"; };
		F5B74521215EF15100604E86 /* compile.sh */ = {isa = PBXFileReference; lastKnownFileType = text.script.sh; name = compile.sh; path = ../compile.sh; sourceTree = "<group>"; };
		F5B74522215EF15100604E86 /* User.cc */ = {isa = PBXFileReference; lastKnownFileType = sourcecode.cpp.cpp; name = User.cc; path = ../User.cc; sourceTree = "<group>"; };
		F5B74523215EF15100604E86 /* tasks.h */ = {isa = PBXFileReference; lastKnownFileType = sourcecode.c.h; name = tasks.h; path = ../tasks.h; sourceTree = "<group>"; };
		F5B74524215EF15100604E86 /* transaction.h */ = {isa = PBXFileReference; lastKnownFileType = sourcecode.c.h; name = transaction.h; path = ../transaction.h; sourceTree = "<group>"; };
		F5B74525215EF15100604E86 /* Wallet.cc */ = {isa = PBXFileReference; lastKnownFileType = sourcecode.cpp.cpp; name = Wallet.cc; path = ../Wallet.cc; sourceTree = "<group>"; };
		F5B74526215EF15100604E86 /* tasks.cc */ = {isa = PBXFileReference; lastKnownFileType = sourcecode.cpp.cpp; name = tasks.cc; path = ../tasks.cc; sourceTree = "<group>"; };
		F5B74527215EF15100604E86 /* README */ = {isa = PBXFileReference; lastKnownFileType = text; name = README; path = ../README; sourceTree = "<group>"; };
		F5B74528215EF15100604E86 /* main.cc */ = {isa = PBXFileReference; lastKnownFileType = sourcecode.cpp.cpp; name = main.cc; path = ../main.cc; sourceTree = "<group>"; };
		F5B7452D215EF17700604E86 /* PaymentApplication */ = {isa = PBXFileReference; explicitFileType = "compiled.mach-o.executable"; includeInIndex = 0; path = PaymentApplication; sourceTree = BUILT_PRODUCTS_DIR; };
		F5B74541215EF24B00604E86 /* libpthread.tbd */ = {isa = PBXFileReference; lastKnownFileType = "sourcecode.text-based-dylib-definition"; name = libpthread.tbd; path = usr/lib/libpthread.tbd; sourceTree = SDKROOT; };
/* End PBXFileReference section */

/* Begin PBXFrameworksBuildPhase section */
		F5B7452A215EF17700604E86 /* Frameworks */ = {
			isa = PBXFrameworksBuildPhase;
			buildActionMask = 2147483647;
			files = (
				F5B74542215EF24B00604E86 /* libpthread.tbd in Frameworks */,
			);
			runOnlyForDeploymentPostprocessing = 0;
		};
/* End PBXFrameworksBuildPhase section */

/* Begin PBXGroup section */
		F5B74518215EF13000604E86 = {
			isa = PBXGroup;
			children = (
				F519DCF32160429D00838D30 /* paymentApp.cc */,
				F519DCF42160429D00838D30 /* paymentApp.h */,
				F5B74521215EF15100604E86 /* compile.sh */,
				F5B74528215EF15100604E86 /* main.cc */,
				F5B74527215EF15100604E86 /* README */,
				F5B74526215EF15100604E86 /* tasks.cc */,
				F5B74523215EF15100604E86 /* tasks.h */,
				F5B74524215EF15100604E86 /* transaction.h */,
				F5B74522215EF15100604E86 /* User.cc */,
				F5B74520215EF15100604E86 /* User.h */,
				F5B74525215EF15100604E86 /* Wallet.cc */,
				F5B7451F215EF15100604E86 /* Wallet.h */,
				F5B7452F215EF17700604E86 /* PaymentApplication */,
				F5B7452E215EF17700604E86 /* Products */,
				F5B74540215EF24B00604E86 /* Frameworks */,
			);
			sourceTree = "<group>";
		};
		F5B7452E215EF17700604E86 /* Products */ = {
			isa = PBXGroup;
			children = (
				F5B7452D215EF17700604E86 /* PaymentApplication */,
			);
			name = Products;
			sourceTree = "<group>";
		};
		F5B7452F215EF17700604E86 /* PaymentApplication */ = {
			isa = PBXGroup;
			children = (
			);
			path = PaymentApplication;
			sourceTree = "<group>";
		};
		F5B74540215EF24B00604E86 /* Frameworks */ = {
			isa = PBXGroup;
			children = (
				F5B74541215EF24B00604E86 /* libpthread.tbd */,
			);
			name = Frameworks;
			sourceTree = "<group>";
		};
/* End PBXGroup section */

/* Begin PBXNativeTarget section */
		F5B7452C215EF17700604E86 /* PaymentApplication */ = {
			isa = PBXNativeTarget;
			buildConfigurationList = F5B74532215EF17700604E86 /* Build configuration list for PBXNativeTarget "PaymentApplication" */;
			buildPhases = (
				F5B74529215EF17700604E86 /* Sources */,
				F5B7452A215EF17700604E86 /* Frameworks */,
				F5B7452B215EF17700604E86 /* CopyFiles */,
			);
			buildRules = (
			);
			dependencies = (
			);
			name = PaymentApplication;
			productName = PaymentApplication;
			productReference = F5B7452D215EF17700604E86 /* PaymentApplication */;
			productType = "com.apple.product-type.tool";
		};
/* End PBXNativeTarget section */

/* Begin PBXProject section */
		F5B74519215EF13000604E86 /* Project object */ = {
			isa = PBXProject;
			attributes = {
				LastUpgradeCheck = 1000;
				TargetAttributes = {
					F5B7452C215EF17700604E86 = {
						CreatedOnToolsVersion = 10.0;
					};
				};
			};
			buildConfigurationList = F5B7451C215EF13000604E86 /* Build configuration list for PBXProject "PaymentApplication" */;
			compatibilityVersion = "Xcode 9.3";
			developmentRegion = en;
			hasScannedForEncodings = 0;
			knownRegions = (
				en,
			);
			mainGroup = F5B74518215EF13000604E86;
			productRefGroup = F5B7452E215EF17700604E86 /* Products */;
			projectDirPath = "";
			projectRoot = "";
			targets = (
				F5B7452C215EF17700604E86 /* PaymentApplication */,
			);
		};
/* End PBXProject section */

/* Begin PBXSourcesBuildPhase section */
		F5B74529215EF17700604E86 /* Sources */ = {
			isa = PBXSourcesBuildPhase;
			buildActionMask = 2147483647;
			files = (
				F5B7453F215EF20B00604E86 /* Wallet.cc in Sources */,
				F519DCF52160429D00838D30 /* paymentApp.cc in Sources */,
				F5B7453E215EF20700604E86 /* User.cc in Sources */,
				F5B7453D215EF20300604E86 /* tasks.cc in Sources */,
				F5B74535215EF19800604E86 /* main.cc in Sources */,
			);
			runOnlyForDeploymentPostprocessing = 0;
		};
/* End PBXSourcesBuildPhase section */

/* Begin XCBuildConfiguration section */
		F5B7451D215EF13000604E86 /* Debug */ = {
			isa = XCBuildConfiguration;
			buildSettings = {
			};
			name = Debug;
		};
		F5B7451E215EF13000604E86 /* Release */ = {
			isa = XCBuildConfiguration;
			buildSettings = {
			};
			name = Release;
		};
		F5B74533215EF17700604E86 /* Debug */ = {
			isa = XCBuildConfiguration;
			buildSettings = {
				ALWAYS_SEARCH_USER_PATHS = NO;
				CLANG_ANALYZER_NONNULL = YES;
				CLANG_ANALYZER_NUMBER_OBJECT_CONVERSION = YES_AGGRESSIVE;
				CLANG_CXX_LANGUAGE_STANDARD = "gnu++14";
				CLANG_CXX_LIBRARY = "libc++";
				CLANG_ENABLE_MODULES = YES;
				CLANG_ENABLE_OBJC_ARC = YES;
				CLANG_ENABLE_OBJC_WEAK = YES;
				CLANG_WARN_BLOCK_CAPTURE_AUTORELEASING = YES;
				CLANG_WARN_BOOL_CONVERSION = YES;
				CLANG_WARN_COMMA = YES;
				CLANG_WARN_CONSTANT_CONVERSION = YES;
				CLANG_WARN_DEPRECATED_OBJC_IMPLEMENTATIONS = YES;
				CLANG_WARN_DIRECT_OBJC_ISA_USAGE = YES_ERROR;
				CLANG_WARN_DOCUMENTATION_COMMENTS = YES;
				CLANG_WARN_EMPTY_BODY = YES;
				CLANG_WARN_ENUM_CONVERSION = YES;
				CLANG_WARN_INFINITE_RECURSION = YES;
				CLANG_WARN_INT_CONVERSION = YES;
				CLANG_WARN_NON_LITERAL_NULL_CONVERSION = YES;
				CLANG_WARN_OBJC_IMPLICIT_RETAIN_SELF = YES;
				CLANG_WARN_OBJC_LITERAL_CONVERSION = YES;
				CLANG_WARN_OBJC_ROOT_CLASS = YES_ERROR;
				CLANG_WARN_RANGE_LOOP_ANALYSIS = YES;
				CLANG_WARN_STRICT_PROTOTYPES = YES;
				CLANG_WARN_SUSPICIOUS_MOVE = YES;
				CLANG_WARN_UNGUARDED_AVAILABILITY = YES_AGGRESSIVE;
				CLANG_WARN_UNREACHABLE_CODE = YES;
				CLANG_WARN__DUPLICATE_METHOD_MATCH = YES;
				CODE_SIGN_IDENTITY = "-";
				CODE_SIGN_STYLE = Automatic;
				COPY_PHASE_STRIP = NO;
				DEBUG_INFORMATION_FORMAT = dwarf;
				ENABLE_STRICT_OBJC_MSGSEND = YES;
				ENABLE_TESTABILITY = YES;
				GCC_C_LANGUAGE_STANDARD = gnu11;
				GCC_DYNAMIC_NO_PIC = NO;
				GCC_NO_COMMON_BLOCKS = YES;
				GCC_OPTIMIZATION_LEVEL = 0;
				GCC_PREPROCESSOR_DEFINITIONS = (
					"DEBUG=1",
					"$(inherited)",
				);
				GCC_WARN_64_TO_32_BIT_CONVERSION = YES;
				GCC_WARN_ABOUT_RETURN_TYPE = YES_ERROR;
				GCC_WARN_UNDECLARED_SELECTOR = YES;
				GCC_WARN_UNINITIALIZED_AUTOS = YES_AGGRESSIVE;
				GCC_WARN_UNUSED_FUNCTION = YES;
				GCC_WARN_UNUSED_VARIABLE = YES;
				MACOSX_DEPLOYMENT_TARGET = 10.14;
				MTL_ENABLE_DEBUG_INFO = INCLUDE_SOURCE;
				MTL_FAST_MATH = YES;
				ONLY_ACTIVE_ARCH = YES;
				PRODUCT_NAME = "$(TARGET_NAME)";
				SDKROOT = macosx;
			};
			name = Debug;
		};
		F5B74534215EF17700604E86 /* Release */ = {
			isa = XCBuildConfiguration;
			buildSettings = {
				ALWAYS_SEARCH_USER_PATHS = NO;
				CLANG_ANALYZER_NONNULL = YES;
				CLANG_ANALYZER_NUMBER_OBJECT_CONVERSION = YES_AGGRESSIVE;
				CLANG_CXX_LANGUAGE_STANDARD = "gnu++14";
				CLANG_CXX_LIBRARY = "libc++";
				CLANG_ENABLE_MODULES = YES;
				CLANG_ENABLE_OBJC_ARC = YES;
				CLANG_ENABLE_OBJC_WEAK = YES;
				CLANG_WARN_BLOCK_CAPTURE_AUTORELEASING = YES;
				CLANG_WARN_BOOL_CONVERSION = YES;
				CLANG_WARN_COMMA = YES;
				CLANG_WARN_CONSTANT_CONVERSION = YES;
				CLANG_WARN_DEPRECATED_OBJC_IMPLEMENTATIONS = YES;
				CLANG_WARN_DIRECT_OBJC_ISA_USAGE = YES_ERROR;
				CLANG_WARN_DOCUMENTATION_COMMENTS = YES;
				CLANG_WARN_EMPTY_BODY = YES;
				CLANG_WARN_ENUM_CONVERSION = YES;
				CLANG_WARN_INFINITE_RECURSION = YES;
				CLANG_WARN_INT_CONVERSION = YES;
				CLANG_WARN_NON_LITERAL_NULL_CONVERSION = YES;
				CLANG_WARN_OBJC_IMPLICIT_RETAIN_SELF = YES;
				CLANG_WARN_OBJC_LITERAL_CONVERSION = YES;
				CLANG_WARN_OBJC_ROOT_CLASS = YES_ERROR;
				CLANG_WARN_RANGE_LOOP_ANALYSIS = YES;
				CLANG_WARN_STRICT_PROTOTYPES = YES;
				CLANG_WARN_SUSPICIOUS_MOVE = YES;
				CLANG_WARN_UNGUARDED_AVAILABILITY = YES_AGGRESSIVE;
				CLANG_WARN_UNREACHABLE_CODE = YES;
				CLANG_WARN__DUPLICATE_METHOD_MATCH = YES;
				CODE_SIGN_IDENTITY = "-";
				CODE_SIGN_STYLE = Automatic;
				COPY_PHASE_STRIP = NO;
				DEBUG_INFORMATION_FORMAT = "dwarf-with-dsym";
				ENABLE_NS_ASSERTIONS = NO;
				ENABLE_STRICT_OBJC_MSGSEND = YES;
				GCC_C_LANGUAGE_STANDARD = gnu11;
				GCC_NO_COMMON_BLOCKS = YES;
				GCC_WARN_64_TO_32_BIT_CONVERSION = YES;
				GCC_WARN_ABOUT_RETURN_TYPE = YES_ERROR;
				GCC_WARN_UNDECLARED_SELECTOR = YES;
				GCC_WARN_UNINITIALIZED_AUTOS = YES_AGGRESSIVE;
				GCC_WARN_UNUSED_FUNCTION = YES;
				GCC_WARN_UNUSED_VARIABLE = YES;
				MACOSX_DEPLOYMENT_TARGET = 10.14;
				MTL_ENABLE_DEBUG_INFO = NO;
				MTL_FAST_MATH = YES;
				PRODUCT_NAME = "$(TARGET_NAME)";
				SDKROOT = macosx;
			};
			name = Release;
		};
/* End XCBuildConfiguration section */

/* Begin XCConfigurationList section */
		F5B7451C215EF13000604E86 /* Build configuration list for PBXProject "PaymentApplication" */ = {
			isa = XCConfigurationList;
			buildConfigurations = (
				F5B7451D215EF13000604E86 /* Debug */,
				F5B7451E215EF13000604E86 /* Release */,
			);
			defaultConfigurationIsVisible = 0;
			defaultConfigurationName = Release;
		};
		F5B74532215EF17700604E86 /* Build configuration list for PBXNativeTarget "PaymentApplication" */ = {
			isa = XCConfigurationList;
			buildConfigurations = (
				F5B74533215EF17700604E86 /* Debug */,
				F5B74534215EF17700604E86 /* Release */,
			);
			defaultConfigurationIsVisible = 0;
			defaultConfigurationName = Release;
		};
/* End XCConfigurationList section */
	};
	rootObject = F5B74519215EF13000604E86 /* Project object */;
}
